{
  "name": "presence-capture",
  "version": "0.1.0-draft",
  "lockfileVersion": 3,
  "requires": true,
  "packages": {
    "": {
      "name": "presence-capture",
      "version": "0.1.0-draft",
      "license": "Apache-2.0",
      "workspaces": [
        "packages/schema",
        "packages/mcp"
      ],
      "engines": {
        "node": ">=22.5.0"
      }
    },
    "node_modules/@presence-capture/mcp": {
      "resolved": "packages/mcp",
      "link": true
    },
    "node_modules/@presence-capture/schema": {
      "resolved": "packages/schema",
      "link": true
    },
    "packages/mcp": {
      "name": "@presence-capture/mcp",
      "version": "0.1.0-draft",
      "license": "Apache-2.0",
      "bin": {
        "presence-capture-mcp": "src/stdio.js"
      },
      "devDependencies": {},
      "engines": {
        "node": ">=22.5.0"
      }
    },
    "packages/schema": {
      "name": "@presence-capture/schema",
      "version": "0.1.0-draft",
      "license": "Apache-2.0",
      "devDependencies": {},
      "engines": {
        "node": ">=22.5.0"
      }
    }
  }
}
